
Microsoft Visual Studio Solution File, Format Version 12.00
# Visual Studio Version 16
VisualStudioVersion = 16.0.32126.315
MinimumVisualStudioVersion = 10.0.40219.1
Project("{FAE04EC0-301F-11D3-BF4B-00C04F79EFBC}") = "ShelfLabelPrintAPI", "ShelfLabelPrintAPI\ShelfLabelPrintAPI.csproj", "{F22AE88F-E3D1-4F35-AEA2-84A5272509AD}"
EndProject
Global
	GlobalSection(SolutionConfigurationPlatforms) = preSolution
		Debug|Any CPU = Debug|Any CPU
		Release|Any CPU = Release|Any CPU
	EndGlobalSection
	GlobalSection(ProjectConfigurationPlatforms) = postSolution
		{F22AE88F-E3D1-4F35-AEA2-84A5272509AD}.Debug|Any CPU.ActiveCfg = Debug|Any CPU
		{F22AE88F-E3D1-4F35-AEA2-84A5272509AD}.Debug|Any CPU.Build.0 = Debug|Any CPU
		{F22AE88F-E3D1-4F35-AEA2-84A5272509AD}.Release|Any CPU.ActiveCfg = Release|Any CPU
		{F22AE88F-E3D1-4F35-AEA2-84A5272509AD}.Release|Any CPU.Build.0 = Release|Any CPU
	EndGlobalSection
	GlobalSection(SolutionProperties) = preSolution
		HideSolutionNode = FALSE
	EndGlobalSection
	GlobalSection(ExtensibilityGlobals) = postSolution
		SolutionGuid = {738B18C6-5C2D-467D-AB5B-FC6A862BF7C4}
	EndGlobalSection
EndGlobal
